
Microsoft Visual Studio Solution File, Format Version 12.00
# Visual Studio Version 16
VisualStudioVersion = 16.0.28803.452
MinimumVisualStudioVersion = 10.0.40219.1
Project("{FAE04EC0-301F-11D3-BF4B-00C04F79EFBC}") = "HebianGu.Demo.EFCore.MoveDBForSQLite", "HebianGu.Demo.EFCore.MoveDBForSQLite\HebianGu.Demo.EFCore.MoveDBForSQLite.csproj", "{3376359C-897B-4403-A849-56E30554F5DA}"
EndProject
Global
	GlobalSection(SolutionConfigurationPlatforms) = preSolution
		Debug|Any CPU = Debug|Any CPU
		Release|Any CPU = Release|Any CPU
	EndGlobalSection
	GlobalSection(ProjectConfigurationPlatforms) = postSolution
		{3376359C-897B-4403-A849-56E30554F5DA}.Debug|Any CPU.ActiveCfg = Debug|Any CPU
		{3376359C-897B-4403-A849-56E30554F5DA}.Debug|Any CPU.Build.0 = Debug|Any CPU
		{3376359C-897B-4403-A849-56E30554F5DA}.Release|Any CPU.ActiveCfg = Release|Any CPU
		{3376359C-897B-4403-A849-56E30554F5DA}.Release|Any CPU.Build.0 = Release|Any CPU
	EndGlobalSection
	GlobalSection(SolutionProperties) = preSolution
		HideSolutionNode = FALSE
	EndGlobalSection
	GlobalSection(ExtensibilityGlobals) = postSolution
		SolutionGuid = {CBDFB392-ECA7-428C-8097-2C26ECF8D6A6}
	EndGlobalSection
EndGlobal
